
Microsoft Visual Studio Solution File, Format Version 12.00
# Visual Studio Version 17
VisualStudioVersion = 17.4.33110.190
MinimumVisualStudioVersion = 10.0.40219.1
Project("{FAE04EC0-301F-11D3-BF4B-00C04F79EFBC}") = "IspierTestTask", "IspierTestTask\IspierTestTask.csproj", "{D81A586A-4293-40B7-BC2A-AAD631CE83EF}"
EndProject
Global
	GlobalSection(SolutionConfigurationPlatforms) = preSolution
		Debug|Any CPU = Debug|Any CPU
		Release|Any CPU = Release|Any CPU
	EndGlobalSection
	GlobalSection(ProjectConfigurationPlatforms) = postSolution
		{D81A586A-4293-40B7-BC2A-AAD631CE83EF}.Debug|Any CPU.ActiveCfg = Debug|Any CPU
		{D81A586A-4293-40B7-BC2A-AAD631CE83EF}.Debug|Any CPU.Build.0 = Debug|Any CPU
		{D81A586A-4293-40B7-BC2A-AAD631CE83EF}.Release|Any CPU.ActiveCfg = Release|Any CPU
		{D81A586A-4293-40B7-BC2A-AAD631CE83EF}.Release|Any CPU.Build.0 = Release|Any CPU
	EndGlobalSection
	GlobalSection(SolutionProperties) = preSolution
		HideSolutionNode = FALSE
	EndGlobalSection
	GlobalSection(ExtensibilityGlobals) = postSolution
		SolutionGuid = {DC48DA9D-BCCF-43AB-B96E-97BD7CEEAD99}
	EndGlobalSection
EndGlobal
